
Microsoft Visual Studio Solution File, Format Version 12.00
# Visual Studio Version 17
VisualStudioVersion = 17.14.37216.2 d17.14
MinimumVisualStudioVersion = 10.0.40219.1
Project("{FAE04EC0-301F-11D3-BF4B-00C04F79EFBC}") = "sitp-stability", "src\sitp-stability.csproj", "{832F30EE-636D-401B-BFAD-0651917307A9}"
EndProject
Project("{FAE04EC0-301F-11D3-BF4B-00C04F79EFBC}") = "tryout", "src\tryout.csproj", "{1C90DF47-895B-CF3C-29A8-6C6C33721AAF}"
EndProject
Global
	GlobalSection(SolutionConfigurationPlatforms) = preSolution
		Debug|Any CPU = Debug|Any CPU
		Release|Any CPU = Release|Any CPU
	EndGlobalSection
	GlobalSection(ProjectConfigurationPlatforms) = postSolution
		{832F30EE-636D-401B-BFAD-0651917307A9}.Debug|Any CPU.ActiveCfg = Debug|Any CPU
		{832F30EE-636D-401B-BFAD-0651917307A9}.Debug|Any CPU.Build.0 = Debug|Any CPU
		{832F30EE-636D-401B-BFAD-0651917307A9}.Release|Any CPU.ActiveCfg = Release|Any CPU
		{832F30EE-636D-401B-BFAD-0651917307A9}.Release|Any CPU.Build.0 = Release|Any CPU
		{1C90DF47-895B-CF3C-29A8-6C6C33721AAF}.Debug|Any CPU.ActiveCfg = Debug|Any CPU
		{1C90DF47-895B-CF3C-29A8-6C6C33721AAF}.Debug|Any CPU.Build.0 = Debug|Any CPU
		{1C90DF47-895B-CF3C-29A8-6C6C33721AAF}.Release|Any CPU.ActiveCfg = Release|Any CPU
		{1C90DF47-895B-CF3C-29A8-6C6C33721AAF}.Release|Any CPU.Build.0 = Release|Any CPU
	EndGlobalSection
	GlobalSection(SolutionProperties) = preSolution
		HideSolutionNode = FALSE
	EndGlobalSection
	GlobalSection(ExtensibilityGlobals) = postSolution
		SolutionGuid = {552AB988-5841-4266-AF12-445D9AD4710C}
	EndGlobalSection
EndGlobal
